
Microsoft Visual Studio Solution File, Format Version 12.00
# Visual Studio Version 17
VisualStudioVersion = 17.4.33103.184
MinimumVisualStudioVersion = 10.0.40219.1
Project("{FAE04EC0-301F-11D3-BF4B-00C04F79EFBC}") = "ml_deskriptivna", "ml_deskriptivna\ml_deskriptivna.csproj", "{8F7F2AB4-4176-46AF-8440-8451C170C539}"
EndProject
Global
	GlobalSection(SolutionConfigurationPlatforms) = preSolution
		Debug|Any CPU = Debug|Any CPU
		Release|Any CPU = Release|Any CPU
	EndGlobalSection
	GlobalSection(ProjectConfigurationPlatforms) = postSolution
		{8F7F2AB4-4176-46AF-8440-8451C170C539}.Debug|Any CPU.ActiveCfg = Debug|Any CPU
		{8F7F2AB4-4176-46AF-8440-8451C170C539}.Debug|Any CPU.Build.0 = Debug|Any CPU
		{8F7F2AB4-4176-46AF-8440-8451C170C539}.Release|Any CPU.ActiveCfg = Release|Any CPU
		{8F7F2AB4-4176-46AF-8440-8451C170C539}.Release|Any CPU.Build.0 = Release|Any CPU
	EndGlobalSection
	GlobalSection(SolutionProperties) = preSolution
		HideSolutionNode = FALSE
	EndGlobalSection
	GlobalSection(ExtensibilityGlobals) = postSolution
		SolutionGuid = {359C6D40-2358-40C6-A779-000BF87D2518}
	EndGlobalSection
EndGlobal
